
Microsoft Visual Studio Solution File, Format Version 12.00
# Visual Studio Version 16
VisualStudioVersion = 16.0.32929.386
MinimumVisualStudioVersion = 10.0.40219.1
Project("{FAE04EC0-301F-11D3-BF4B-00C04F79EFBC}") = "AdventOfCode2021", "AdventOfCode2021\AdventOfCode2021.csproj", "{C10794D2-7531-46B8-8DA8-E4C6E195EAFF}"
EndProject
Global
	GlobalSection(SolutionConfigurationPlatforms) = preSolution
		Debug|Any CPU = Debug|Any CPU
		Release|Any CPU = Release|Any CPU
	EndGlobalSection
	GlobalSection(ProjectConfigurationPlatforms) = postSolution
		{C10794D2-7531-46B8-8DA8-E4C6E195EAFF}.Debug|Any CPU.ActiveCfg = Debug|Any CPU
		{C10794D2-7531-46B8-8DA8-E4C6E195EAFF}.Debug|Any CPU.Build.0 = Debug|Any CPU
		{C10794D2-7531-46B8-8DA8-E4C6E195EAFF}.Release|Any CPU.ActiveCfg = Release|Any CPU
		{C10794D2-7531-46B8-8DA8-E4C6E195EAFF}.Release|Any CPU.Build.0 = Release|Any CPU
	EndGlobalSection
	GlobalSection(SolutionProperties) = preSolution
		HideSolutionNode = FALSE
	EndGlobalSection
	GlobalSection(ExtensibilityGlobals) = postSolution
		SolutionGuid = {B7601411-2016-4D91-9FF1-662130008F0D}
	EndGlobalSection
EndGlobal
